{
  "lockfileVersion": 1,
  "configVersion": 1,
  "workspaces": {
    "": {
      "name": "rhodium-monorepo",
      "devDependencies": {
        "@types/bun": "^1.3.11",
        "typescript": "^5.4.0",
      },
    },
    "packages/capabilities": {
      "name": "rhodium-capabilities",
      "version": "0.1.0",
    },
    "packages/core": {
      "name": "rhodium-core",
      "version": "0.1.0",
      "dependencies": {
        "rhodium-capabilities": "workspace:*",
      },
    },
    "packages/graph": {
      "name": "rhodium-graph",
      "version": "0.1.0",
      "dependencies": {
        "rhodium-core": "workspace:*",
      },
    },
    "packages/pipeline-runner": {
      "name": "rhodium-pipeline-runner",
      "version": "0.1.0",
      "dependencies": {
        "rhodium-core": "workspace:*",
      },
    },
    "packages/rhodium": {
      "name": "rhodium",
      "version": "0.2.0",
      "dependencies": {
        "rhodium-capabilities": "workspace:*",
        "rhodium-core": "workspace:*",
        "rhodium-graph": "workspace:*",
        "rhodium-pipeline-runner": "workspace:*",
        "rhodium-testing": "workspace:*",
      },
    },
    "packages/testing": {
      "name": "rhodium-testing",
      "version": "0.1.0",
      "dependencies": {
        "rhodium-core": "workspace:*",
      },
    },
  },
  "packages": {
    "@types/bun": ["@types/bun@1.3.11", "", { "dependencies": { "bun-types": "1.3.11" } }, "sha512-5vPne5QvtpjGpsGYXiFyycfpDF2ECyPcTSsFBMa0fraoxiQyMJ3SmuQIGhzPg2WJuWxVBoxWJ2kClYTcw/4fAg=="],

    "@types/node": ["@types/node@25.5.2", "", { "dependencies": { "undici-types": "~7.18.0" } }, "sha512-tO4ZIRKNC+MDWV4qKVZe3Ql/woTnmHDr5JD8UI5hn2pwBrHEwOEMZK7WlNb5RKB6EoJ02gwmQS9OrjuFnZYdpg=="],

    "bun-types": ["bun-types@1.3.11", "", { "dependencies": { "@types/node": "*" } }, "sha512-1KGPpoxQWl9f6wcZh57LvrPIInQMn2TQ7jsgxqpRzg+l0QPOFvJVH7HmvHo/AiPgwXy+/Thf6Ov3EdVn1vOabg=="],

    "rhodium": ["rhodium@workspace:packages/rhodium"],

    "rhodium-capabilities": ["rhodium-capabilities@workspace:packages/capabilities"],

    "rhodium-core": ["rhodium-core@workspace:packages/core"],

    "rhodium-graph": ["rhodium-graph@workspace:packages/graph"],

    "rhodium-pipeline-runner": ["rhodium-pipeline-runner@workspace:packages/pipeline-runner"],

    "rhodium-testing": ["rhodium-testing@workspace:packages/testing"],

    "typescript": ["typescript@5.9.3", "", { "bin": { "tsc": "bin/tsc", "tsserver": "bin/tsserver" } }, "sha512-jl1vZzPDinLr9eUt3J/t7V6FgNEw9QjvBPdysz9KfQDD41fQrC2Y4vKQdiaUpFT4bXlb1RHhLpp8wtm6M5TgSw=="],

    "undici-types": ["undici-types@7.18.2", "", {}, "sha512-AsuCzffGHJybSaRrmr5eHr81mwJU3kjw6M+uprWvCXiNeN9SOGwQ3Jn8jb8m3Z6izVgknn1R0FTCEAP2QrLY/w=="],
  }
}
